
Microsoft Visual Studio Solution File, Format Version 12.00
# Visual Studio Version 17
VisualStudioVersion = 17.5.002.0
MinimumVisualStudioVersion = 10.0.40219.1
Project("{9A19103F-16F7-4668-BE54-9A1E7A4F7556}") = "test", "test.csproj", "{DA54CE91-0172-44DC-95C4-D793FF970744}"
EndProject
Global
	GlobalSection(SolutionConfigurationPlatforms) = preSolution
		Debug|Any CPU = Debug|Any CPU
		Release|Any CPU = Release|Any CPU
	EndGlobalSection
	GlobalSection(ProjectConfigurationPlatforms) = postSolution
		{DA54CE91-0172-44DC-95C4-D793FF970744}.Debug|Any CPU.ActiveCfg = Debug|Any CPU
		{DA54CE91-0172-44DC-95C4-D793FF970744}.Debug|Any CPU.Build.0 = Debug|Any CPU
		{DA54CE91-0172-44DC-95C4-D793FF970744}.Release|Any CPU.ActiveCfg = Release|Any CPU
		{DA54CE91-0172-44DC-95C4-D793FF970744}.Release|Any CPU.Build.0 = Release|Any CPU
	EndGlobalSection
	GlobalSection(SolutionProperties) = preSolution
		HideSolutionNode = FALSE
	EndGlobalSection
	GlobalSection(ExtensibilityGlobals) = postSolution
		SolutionGuid = {0CA4D572-95AD-4F40-9F6B-FF2DB61BF1BA}
	EndGlobalSection
EndGlobal
